
Microsoft Visual Studio Solution File, Format Version 12.00
# Visual Studio Version 17
VisualStudioVersion = 17.9.34723.18
MinimumVisualStudioVersion = 10.0.40219.1
Project("{9A19103F-16F7-4668-BE54-9A1E7A4F7556}") = "SoftwareProject", "SoftwareProject\SoftwareProject.csproj", "{9B3EBE1B-C5C6-4DC3-BDC0-67B28FA17E41}"
EndProject
Global
	GlobalSection(SolutionConfigurationPlatforms) = preSolution
		Debug|Any CPU = Debug|Any CPU
		Release|Any CPU = Release|Any CPU
	EndGlobalSection
	GlobalSection(ProjectConfigurationPlatforms) = postSolution
		{9B3EBE1B-C5C6-4DC3-BDC0-67B28FA17E41}.Debug|Any CPU.ActiveCfg = Debug|Any CPU
		{9B3EBE1B-C5C6-4DC3-BDC0-67B28FA17E41}.Debug|Any CPU.Build.0 = Debug|Any CPU
		{9B3EBE1B-C5C6-4DC3-BDC0-67B28FA17E41}.Release|Any CPU.ActiveCfg = Release|Any CPU
		{9B3EBE1B-C5C6-4DC3-BDC0-67B28FA17E41}.Release|Any CPU.Build.0 = Release|Any CPU
	EndGlobalSection
	GlobalSection(SolutionProperties) = preSolution
		HideSolutionNode = FALSE
	EndGlobalSection
	GlobalSection(ExtensibilityGlobals) = postSolution
		SolutionGuid = {D21DCAA5-6F39-4B2D-8EE6-F509DF6AB80D}
	EndGlobalSection
EndGlobal
